
Microsoft Visual Studio Solution File, Format Version 12.00
# Visual Studio Version 17
VisualStudioVersion = 17.6.33829.357
MinimumVisualStudioVersion = 10.0.40219.1
Project("{9A19103F-16F7-4668-BE54-9A1E7A4F7556}") = "garden-planner", "garden-planner.csproj", "{3420099D-95B4-43D1-B9FC-3212B4A4FB38}"
EndProject
Global
	GlobalSection(SolutionConfigurationPlatforms) = preSolution
		Debug|Any CPU = Debug|Any CPU
		Release|Any CPU = Release|Any CPU
	EndGlobalSection
	GlobalSection(ProjectConfigurationPlatforms) = postSolution
		{3420099D-95B4-43D1-B9FC-3212B4A4FB38}.Debug|Any CPU.ActiveCfg = Debug|Any CPU
		{3420099D-95B4-43D1-B9FC-3212B4A4FB38}.Debug|Any CPU.Build.0 = Debug|Any CPU
		{3420099D-95B4-43D1-B9FC-3212B4A4FB38}.Release|Any CPU.ActiveCfg = Release|Any CPU
		{3420099D-95B4-43D1-B9FC-3212B4A4FB38}.Release|Any CPU.Build.0 = Release|Any CPU
	EndGlobalSection
	GlobalSection(SolutionProperties) = preSolution
		HideSolutionNode = FALSE
	EndGlobalSection
	GlobalSection(ExtensibilityGlobals) = postSolution
		SolutionGuid = {D55F15C2-A8FB-45B1-AC5C-F0B37088D08B}
	EndGlobalSection
EndGlobal
